
Microsoft Visual Studio Solution File, Format Version 12.00
# Visual Studio 14
VisualStudioVersion = 14.0.25420.1
MinimumVisualStudioVersion = 10.0.40219.1
Project("{2150E333-8FDC-42A3-9474-1A3956D46DE8}") = "1 - Presentation", "1 - Presentation", "{5FC25E2D-5BD4-4A76-9C54-2F5D06A365A4}"
EndProject
Project("{2150E333-8FDC-42A3-9474-1A3956D46DE8}") = "2 - API", "2 - API", "{C1D84612-4536-47D8-A288-8FBDB663C5B7}"
EndProject
Project("{2150E333-8FDC-42A3-9474-1A3956D46DE8}") = "3 - Business", "3 - Business", "{70F7E6FB-E160-4537-98A6-C3C2A90E9A68}"
EndProject
Project("{2150E333-8FDC-42A3-9474-1A3956D46DE8}") = "4 - Domain", "4 - Domain", "{71F192A5-5925-4597-93E7-92C7184BC428}"
EndProject
Project("{2150E333-8FDC-42A3-9474-1A3956D46DE8}") = "5 - Infrastructure", "5 - Infrastructure", "{BCDA296E-F112-4DB6-87E7-BACAF595931F}"
EndProject
Project("{FAE04EC0-301F-11D3-BF4B-00C04F79EFBC}") = "AspNetMvc.Utilities", "AspNetMvc.Utilities\AspNetMvc.Utilities.csproj", "{51AE71C6-9E5E-4F0A-9A06-53597538F138}"
EndProject
Project("{FAE04EC0-301F-11D3-BF4B-00C04F79EFBC}") = "AspNetMvc.Infrastructure", "AspNetMvc.Infrastructure\AspNetMvc.Infrastructure.csproj", "{E1E32B3E-75F0-437A-BB64-E1070E32944D}"
EndProject
Project("{FAE04EC0-301F-11D3-BF4B-00C04F79EFBC}") = "AspNetMvc.Data", "AspNetMvc.Data\AspNetMvc.Data.csproj", "{D7094BC8-A24D-49E8-BFDE-24426617DAE1}"
EndProject
Project("{FAE04EC0-301F-11D3-BF4B-00C04F79EFBC}") = "AspNetMvc.Data.EF", "AspNetMvc.Data.EF\AspNetMvc.Data.EF.csproj", "{DDB3793A-E112-4123-820C-B416CEDC999C}"
EndProject
Project("{FAE04EC0-301F-11D3-BF4B-00C04F79EFBC}") = "AspNetMvc.Data.ADO.NET", "AspNetMvc.Data.ADO.NET\AspNetMvc.Data.ADO.NET.csproj", "{C62190B5-D314-49AE-8190-4AB1AEC6A824}"
EndProject
Project("{FAE04EC0-301F-11D3-BF4B-00C04F79EFBC}") = "AspNetMvc.Services", "AspNetMvc.Services\AspNetMvc.Services.csproj", "{DDBFFD65-4B7B-49B7-9CF8-64B98700970B}"
EndProject
Project("{FAE04EC0-301F-11D3-BF4B-00C04F79EFBC}") = "AspNetMvc.API", "AspNetMvc.API\AspNetMvc.API.csproj", "{19277B54-6966-49DB-AA97-897135DD6218}"
EndProject
Project("{FAE04EC0-301F-11D3-BF4B-00C04F79EFBC}") = "AspNetMvc.WebApp", "AspNetMvc.WebApp\AspNetMvc.WebApp.csproj", "{AA0EBA84-35A7-451B-B491-1ED0A8FFFFC8}"
EndProject
Project("{FAE04EC0-301F-11D3-BF4B-00C04F79EFBC}") = "AspNetMvc.WebApp.Tests", "AspNetMvc.WebApp.Tests\AspNetMvc.WebApp.Tests.csproj", "{1D927AE7-667E-4E82-8005-612144990EEB}"
EndProject
Global
	GlobalSection(SolutionConfigurationPlatforms) = preSolution
		Debug|Any CPU = Debug|Any CPU
		Release|Any CPU = Release|Any CPU
	EndGlobalSection
	GlobalSection(ProjectConfigurationPlatforms) = postSolution
		{51AE71C6-9E5E-4F0A-9A06-53597538F138}.Debug|Any CPU.ActiveCfg = Debug|Any CPU
		{51AE71C6-9E5E-4F0A-9A06-53597538F138}.Debug|Any CPU.Build.0 = Debug|Any CPU
		{51AE71C6-9E5E-4F0A-9A06-53597538F138}.Release|Any CPU.ActiveCfg = Release|Any CPU
		{51AE71C6-9E5E-4F0A-9A06-53597538F138}.Release|Any CPU.Build.0 = Release|Any CPU
		{E1E32B3E-75F0-437A-BB64-E1070E32944D}.Debug|Any CPU.ActiveCfg = Debug|Any CPU
		{E1E32B3E-75F0-437A-BB64-E1070E32944D}.Debug|Any CPU.Build.0 = Debug|Any CPU
		{E1E32B3E-75F0-437A-BB64-E1070E32944D}.Release|Any CPU.ActiveCfg = Release|Any CPU
		{E1E32B3E-75F0-437A-BB64-E1070E32944D}.Release|Any CPU.Build.0 = Release|Any CPU
		{D7094BC8-A24D-49E8-BFDE-24426617DAE1}.Debug|Any CPU.ActiveCfg = Debug|Any CPU
		{D7094BC8-A24D-49E8-BFDE-24426617DAE1}.Debug|Any CPU.Build.0 = Debug|Any CPU
		{D7094BC8-A24D-49E8-BFDE-24426617DAE1}.Release|Any CPU.ActiveCfg = Release|Any CPU
		{D7094BC8-A24D-49E8-BFDE-24426617DAE1}.Release|Any CPU.Build.0 = Release|Any CPU
		{DDB3793A-E112-4123-820C-B416CEDC999C}.Debug|Any CPU.ActiveCfg = Debug|Any CPU
		{DDB3793A-E112-4123-820C-B416CEDC999C}.Debug|Any CPU.Build.0 = Debug|Any CPU
		{DDB3793A-E112-4123-820C-B416CEDC999C}.Release|Any CPU.ActiveCfg = Release|Any CPU
		{DDB3793A-E112-4123-820C-B416CEDC999C}.Release|Any CPU.Build.0 = Release|Any CPU
		{C62190B5-D314-49AE-8190-4AB1AEC6A824}.Debug|Any CPU.ActiveCfg = Debug|Any CPU
		{C62190B5-D314-49AE-8190-4AB1AEC6A824}.Debug|Any CPU.Build.0 = Debug|Any CPU
		{C62190B5-D314-49AE-8190-4AB1AEC6A824}.Release|Any CPU.ActiveCfg = Release|Any CPU
		{C62190B5-D314-49AE-8190-4AB1AEC6A824}.Release|Any CPU.Build.0 = Release|Any CPU
		{DDBFFD65-4B7B-49B7-9CF8-64B98700970B}.Debug|Any CPU.ActiveCfg = Debug|Any CPU
		{DDBFFD65-4B7B-49B7-9CF8-64B98700970B}.Debug|Any CPU.Build.0 = Debug|Any CPU
		{DDBFFD65-4B7B-49B7-9CF8-64B98700970B}.Release|Any CPU.ActiveCfg = Release|Any CPU
		{DDBFFD65-4B7B-49B7-9CF8-64B98700970B}.Release|Any CPU.Build.0 = Release|Any CPU
		{19277B54-6966-49DB-AA97-897135DD6218}.Debug|Any CPU.ActiveCfg = Debug|Any CPU
		{19277B54-6966-49DB-AA97-897135DD6218}.Debug|Any CPU.Build.0 = Debug|Any CPU
		{19277B54-6966-49DB-AA97-897135DD6218}.Release|Any CPU.ActiveCfg = Release|Any CPU
		{19277B54-6966-49DB-AA97-897135DD6218}.Release|Any CPU.Build.0 = Release|Any CPU
		{AA0EBA84-35A7-451B-B491-1ED0A8FFFFC8}.Debug|Any CPU.ActiveCfg = Debug|Any CPU
		{AA0EBA84-35A7-451B-B491-1ED0A8FFFFC8}.Debug|Any CPU.Build.0 = Debug|Any CPU
		{AA0EBA84-35A7-451B-B491-1ED0A8FFFFC8}.Release|Any CPU.ActiveCfg = Release|Any CPU
		{AA0EBA84-35A7-451B-B491-1ED0A8FFFFC8}.Release|Any CPU.Build.0 = Release|Any CPU
		{1D927AE7-667E-4E82-8005-612144990EEB}.Debug|Any CPU.ActiveCfg = Debug|Any CPU
		{1D927AE7-667E-4E82-8005-612144990EEB}.Debug|Any CPU.Build.0 = Debug|Any CPU
		{1D927AE7-667E-4E82-8005-612144990EEB}.Release|Any CPU.ActiveCfg = Release|Any CPU
		{1D927AE7-667E-4E82-8005-612144990EEB}.Release|Any CPU.Build.0 = Release|Any CPU
	EndGlobalSection
	GlobalSection(SolutionProperties) = preSolution
		HideSolutionNode = FALSE
	EndGlobalSection
	GlobalSection(NestedProjects) = preSolution
		{51AE71C6-9E5E-4F0A-9A06-53597538F138} = {BCDA296E-F112-4DB6-87E7-BACAF595931F}
		{E1E32B3E-75F0-437A-BB64-E1070E32944D} = {BCDA296E-F112-4DB6-87E7-BACAF595931F}
		{D7094BC8-A24D-49E8-BFDE-24426617DAE1} = {71F192A5-5925-4597-93E7-92C7184BC428}
		{DDB3793A-E112-4123-820C-B416CEDC999C} = {71F192A5-5925-4597-93E7-92C7184BC428}
		{C62190B5-D314-49AE-8190-4AB1AEC6A824} = {71F192A5-5925-4597-93E7-92C7184BC428}
		{DDBFFD65-4B7B-49B7-9CF8-64B98700970B} = {70F7E6FB-E160-4537-98A6-C3C2A90E9A68}
		{19277B54-6966-49DB-AA97-897135DD6218} = {C1D84612-4536-47D8-A288-8FBDB663C5B7}
		{AA0EBA84-35A7-451B-B491-1ED0A8FFFFC8} = {5FC25E2D-5BD4-4A76-9C54-2F5D06A365A4}
		{1D927AE7-667E-4E82-8005-612144990EEB} = {5FC25E2D-5BD4-4A76-9C54-2F5D06A365A4}
	EndGlobalSection
EndGlobal
